
Microsoft Visual Studio Solution File, Format Version 12.00
# Visual Studio Version 17
VisualStudioVersion = 17.3.32804.467
MinimumVisualStudioVersion = 10.0.40219.1
Project("{FAE04EC0-301F-11D3-BF4B-00C04F79EFBC}") = "Maintanence", "Maintanence\Maintanence.csproj", "{3EC1EB06-519F-4DA3-9CDD-9A4C6688D0C4}"
EndProject
Project("{FAE04EC0-301F-11D3-BF4B-00C04F79EFBC}") = "MaintanenceWeb", "MaintanenceWeb\MaintanenceWeb.csproj", "{A1BAC670-C27D-47EE-BB29-32DF6E403405}"
EndProject
Global
	GlobalSection(SolutionConfigurationPlatforms) = preSolution
		Debug|Any CPU = Debug|Any CPU
		Release|Any CPU = Release|Any CPU
	EndGlobalSection
	GlobalSection(ProjectConfigurationPlatforms) = postSolution
		{3EC1EB06-519F-4DA3-9CDD-9A4C6688D0C4}.Debug|Any CPU.ActiveCfg = Debug|Any CPU
		{3EC1EB06-519F-4DA3-9CDD-9A4C6688D0C4}.Debug|Any CPU.Build.0 = Debug|Any CPU
		{3EC1EB06-519F-4DA3-9CDD-9A4C6688D0C4}.Debug|Any CPU.Deploy.0 = Debug|Any CPU
		{3EC1EB06-519F-4DA3-9CDD-9A4C6688D0C4}.Release|Any CPU.ActiveCfg = Release|Any CPU
		{3EC1EB06-519F-4DA3-9CDD-9A4C6688D0C4}.Release|Any CPU.Build.0 = Release|Any CPU
		{3EC1EB06-519F-4DA3-9CDD-9A4C6688D0C4}.Release|Any CPU.Deploy.0 = Release|Any CPU
		{A1BAC670-C27D-47EE-BB29-32DF6E403405}.Debug|Any CPU.ActiveCfg = Debug|Any CPU
		{A1BAC670-C27D-47EE-BB29-32DF6E403405}.Debug|Any CPU.Build.0 = Debug|Any CPU
		{A1BAC670-C27D-47EE-BB29-32DF6E403405}.Release|Any CPU.ActiveCfg = Release|Any CPU
		{A1BAC670-C27D-47EE-BB29-32DF6E403405}.Release|Any CPU.Build.0 = Release|Any CPU
	EndGlobalSection
	GlobalSection(SolutionProperties) = preSolution
		HideSolutionNode = FALSE
	EndGlobalSection
	GlobalSection(ExtensibilityGlobals) = postSolution
		SolutionGuid = {5FAED525-63FE-4668-B3CD-E17B682253B8}
	EndGlobalSection
EndGlobal
